
Microsoft Visual Studio Solution File, Format Version 12.00
# Visual Studio 15
VisualStudioVersion = 15.0.27703.2026
MinimumVisualStudioVersion = 10.0.40219.1
Project("{FAE04EC0-301F-11D3-BF4B-00C04F79EFBC}") = "GestionAeropuerto", "GestionAeropuerto\GestionAeropuerto.csproj", "{C49C4495-6C24-4E23-A135-F9CF91C594F9}"
EndProject
Global
	GlobalSection(SolutionConfigurationPlatforms) = preSolution
		Debug|Any CPU = Debug|Any CPU
		Release|Any CPU = Release|Any CPU
	EndGlobalSection
	GlobalSection(ProjectConfigurationPlatforms) = postSolution
		{C49C4495-6C24-4E23-A135-F9CF91C594F9}.Debug|Any CPU.ActiveCfg = Debug|Any CPU
		{C49C4495-6C24-4E23-A135-F9CF91C594F9}.Debug|Any CPU.Build.0 = Debug|Any CPU
		{C49C4495-6C24-4E23-A135-F9CF91C594F9}.Release|Any CPU.ActiveCfg = Release|Any CPU
		{C49C4495-6C24-4E23-A135-F9CF91C594F9}.Release|Any CPU.Build.0 = Release|Any CPU
	EndGlobalSection
	GlobalSection(SolutionProperties) = preSolution
		HideSolutionNode = FALSE
	EndGlobalSection
	GlobalSection(ExtensibilityGlobals) = postSolution
		SolutionGuid = {D3090B8A-6AF0-49E3-A867-D1D439D860D9}
	EndGlobalSection
EndGlobal
